
Microsoft Visual Studio Solution File, Format Version 12.00
# Visual Studio 15
VisualStudioVersion = 15.0.27130.2003
MinimumVisualStudioVersion = 10.0.40219.1
Project("{FAE04EC0-301F-11D3-BF4B-00C04F79EFBC}") = "EPipingMobile", "EPipingMobile\EPipingMobile.csproj", "{FC4F55EB-A1B4-40FA-81DD-06F37E8CC6CC}"
EndProject
Global
	GlobalSection(SolutionConfigurationPlatforms) = preSolution
		Debug|Any CPU = Debug|Any CPU
		Release|Any CPU = Release|Any CPU
	EndGlobalSection
	GlobalSection(ProjectConfigurationPlatforms) = postSolution
		{FC4F55EB-A1B4-40FA-81DD-06F37E8CC6CC}.Debug|Any CPU.ActiveCfg = Debug|Any CPU
		{FC4F55EB-A1B4-40FA-81DD-06F37E8CC6CC}.Debug|Any CPU.Build.0 = Debug|Any CPU
		{FC4F55EB-A1B4-40FA-81DD-06F37E8CC6CC}.Debug|Any CPU.Deploy.0 = Debug|Any CPU
		{FC4F55EB-A1B4-40FA-81DD-06F37E8CC6CC}.Release|Any CPU.ActiveCfg = Release|Any CPU
		{FC4F55EB-A1B4-40FA-81DD-06F37E8CC6CC}.Release|Any CPU.Build.0 = Release|Any CPU
		{FC4F55EB-A1B4-40FA-81DD-06F37E8CC6CC}.Release|Any CPU.Deploy.0 = Release|Any CPU
	EndGlobalSection
	GlobalSection(SolutionProperties) = preSolution
		HideSolutionNode = FALSE
	EndGlobalSection
	GlobalSection(ExtensibilityGlobals) = postSolution
		SolutionGuid = {016FECC8-74F3-4087-AAD0-83F03739A9B0}
	EndGlobalSection
EndGlobal
